// !$*UTF8*$!
{
	archiveVersion = 1;
	classes = {
	};
	objectVersion = 51;
	objects = {

/* Begin PBXBuildFile section */
		081268388769942B8DCBB0FD /* Pods_SocialApp.framework in Frameworks */ = {isa = PBXBuildFile; fileRef = B0B234BB4FEA09B87919F668 /* Pods_SocialApp.framework */; };
		791C6616257F23D800695501 /* MenuViewController.swift in Sources */ = {isa = PBXBuildFile; fileRef = 791C6614257F23D800695501 /* MenuViewController.swift */; };
		791C661B257F243900695501 /* Menu.storyboard in Resources */ = {isa = PBXBuildFile; fileRef = 791C661A257F243900695501 /* Menu.storyboard */; };
		791C661F257F2B1000695501 /* MenuTableViewCell.swift in Sources */ = {isa = PBXBuildFile; fileRef = 791C661D257F2B1000695501 /* MenuTableViewCell.swift */; };
		791C6620257F2B1000695501 /* MenuTableViewCell.xib in Resources */ = {isa = PBXBuildFile; fileRef = 791C661E257F2B1000695501 /* MenuTableViewCell.xib */; };
		7978A283257B257900650E9A /* AppDelegate.swift in Sources */ = {isa = PBXBuildFile; fileRef = 7978A282257B257900650E9A /* AppDelegate.swift */; };
		7978A285257B257900650E9A /* SceneDelegate.swift in Sources */ = {isa = PBXBuildFile; fileRef = 7978A284257B257900650E9A /* SceneDelegate.swift */; };
		7978A287257B257900650E9A /* AuthViewController.swift in Sources */ = {isa = PBXBuildFile; fileRef = 7978A286257B257900650E9A /* AuthViewController.swift */; };
		7978A28A257B257900650E9A /* Main.storyboard in Resources */ = {isa = PBXBuildFile; fileRef = 7978A288257B257900650E9A /* Main.storyboard */; };
		7978A28C257B259F00650E9A /* Assets.xcassets in Resources */ = {isa = PBXBuildFile; fileRef = 7978A28B257B259F00650E9A /* Assets.xcassets */; };
		7978A28F257B259F00650E9A /* LaunchScreen.storyboard in Resources */ = {isa = PBXBuildFile; fileRef = 7978A28D257B259F00650E9A /* LaunchScreen.storyboard */; };
		7978A29B257B318B00650E9A /* UILabel+Extension.swift in Sources */ = {isa = PBXBuildFile; fileRef = 7978A29A257B318B00650E9A /* UILabel+Extension.swift */; };
		7978A2A3257B321100650E9A /* UIDevice+Extension.swift in Sources */ = {isa = PBXBuildFile; fileRef = 7978A2A2257B321100650E9A /* UIDevice+Extension.swift */; };
		7978A2A8257B331C00650E9A /* CustomFontSizeLabel.swift in Sources */ = {isa = PBXBuildFile; fileRef = 7978A2A7257B331C00650E9A /* CustomFontSizeLabel.swift */; };
		798FB309258176BE00DD4A5D /* PostsModel.swift in Sources */ = {isa = PBXBuildFile; fileRef = 798FB308258176BE00DD4A5D /* PostsModel.swift */; };
		799D84AB257B3BAE0057F6F1 /* UIViewContoller+Extension.swift in Sources */ = {isa = PBXBuildFile; fileRef = 799D84AA257B3BAE0057F6F1 /* UIViewContoller+Extension.swift */; };
		799D84AF257B3D250057F6F1 /* LoginViewController.swift in Sources */ = {isa = PBXBuildFile; fileRef = 799D84AE257B3D250057F6F1 /* LoginViewController.swift */; };
		79AB88B5257C72470051D0EB /* UITextField+Extension.swift in Sources */ = {isa = PBXBuildFile; fileRef = 79AB88B4257C72470051D0EB /* UITextField+Extension.swift */; };
		79AB88B8257C7CA00051D0EB /* SignUpViewController.swift in Sources */ = {isa = PBXBuildFile; fileRef = 79AB88B7257C7CA00051D0EB /* SignUpViewController.swift */; };
		79CDB4E525847449005C355B /* WhoLovePostViewController.swift in Sources */ = {isa = PBXBuildFile; fileRef = 79CDB4E425847449005C355B /* WhoLovePostViewController.swift */; };
		79CDB4E825847EA2005C355B /* WhoLovePostModel.swift in Sources */ = {isa = PBXBuildFile; fileRef = 79CDB4E725847EA2005C355B /* WhoLovePostModel.swift */; };
		79CDB4EE25848425005C355B /* WhoLovePostTableViewCell.swift in Sources */ = {isa = PBXBuildFile; fileRef = 79CDB4EC25848425005C355B /* WhoLovePostTableViewCell.swift */; };
		79CDB4EF25848425005C355B /* WhoLovePostTableViewCell.xib in Resources */ = {isa = PBXBuildFile; fileRef = 79CDB4ED25848425005C355B /* WhoLovePostTableViewCell.xib */; };
		79CDB4F325848EBF005C355B /* UserModel.swift in Sources */ = {isa = PBXBuildFile; fileRef = 79CDB4F225848EBF005C355B /* UserModel.swift */; };
		79D57BE3257DB3B0003EA0F6 /* AddPostViewController.swift in Sources */ = {isa = PBXBuildFile; fileRef = 79D57BE2257DB3B0003EA0F6 /* AddPostViewController.swift */; };
		79D57BE6257DB861003EA0F6 /* CustomUIView.swift in Sources */ = {isa = PBXBuildFile; fileRef = 79D57BE5257DB861003EA0F6 /* CustomUIView.swift */; };
		79D57BEA257DC205003EA0F6 /* HomeViewController.swift in Sources */ = {isa = PBXBuildFile; fileRef = 79D57BE9257DC205003EA0F6 /* HomeViewController.swift */; };
		79D57BF2257DC344003EA0F6 /* HomeTableViewCell.swift in Sources */ = {isa = PBXBuildFile; fileRef = 79D57BF0257DC344003EA0F6 /* HomeTableViewCell.swift */; };
		79D57BF3257DC344003EA0F6 /* HomeTableViewCell.xib in Resources */ = {isa = PBXBuildFile; fileRef = 79D57BF1257DC344003EA0F6 /* HomeTableViewCell.xib */; };
		79EC380E2580644E00DB02B6 /* GoogleService-Info.plist in Resources */ = {isa = PBXBuildFile; fileRef = 79EC380D2580644D00DB02B6 /* GoogleService-Info.plist */; };
/* End PBXBuildFile section */

/* Begin PBXFileReference section */
		435E1E3AE808507ABA203E33 /* Pods-SocialApp.debug.xcconfig */ = {isa = PBXFileReference; includeInIndex = 1; lastKnownFileType = text.xcconfig; name = "Pods-SocialApp.debug.xcconfig"; path = "Target Support Files/Pods-SocialApp/Pods-SocialApp.debug.xcconfig"; sourceTree = "<group>"; };
		791C6614257F23D800695501 /* MenuViewController.swift */ = {isa = PBXFileReference; lastKnownFileType = sourcecode.swift; path = MenuViewController.swift; sourceTree = "<group>"; };
		791C661A257F243900695501 /* Menu.storyboard */ = {isa = PBXFileReference; lastKnownFileType = file.storyboard; path = Menu.storyboard; sourceTree = "<group>"; };
		791C661D257F2B1000695501 /* MenuTableViewCell.swift */ = {isa = PBXFileReference; lastKnownFileType = sourcecode.swift; path = MenuTableViewCell.swift; sourceTree = "<group>"; };
		791C661E257F2B1000695501 /* MenuTableViewCell.xib */ = {isa = PBXFileReference; lastKnownFileType = file.xib; path = MenuTableViewCell.xib; sourceTree = "<group>"; };
		7978A27F257B257900650E9A /* SocialApp.app */ = {isa = PBXFileReference; explicitFileType = wrapper.application; includeInIndex = 0; path = SocialApp.app; sourceTree = BUILT_PRODUCTS_DIR; };
		7978A282257B257900650E9A /* AppDelegate.swift */ = {isa = PBXFileReference; lastKnownFileType = sourcecode.swift; path = AppDelegate.swift; sourceTree = "<group>"; };
		7978A284257B257900650E9A /* SceneDelegate.swift */ = {isa = PBXFileReference; lastKnownFileType = sourcecode.swift; path = SceneDelegate.swift; sourceTree = "<group>"; };
		7978A286257B257900650E9A /* AuthViewController.swift */ = {isa = PBXFileReference; lastKnownFileType = sourcecode.swift; path = AuthViewController.swift; sourceTree = "<group>"; };
		7978A289257B257900650E9A /* Base */ = {isa = PBXFileReference; lastKnownFileType = file.storyboard; name = Base; path = Base.lproj/Main.storyboard; sourceTree = "<group>"; };
		7978A28B257B259F00650E9A /* Assets.xcassets */ = {isa = PBXFileReference; lastKnownFileType = folder.assetcatalog; path = Assets.xcassets; sourceTree = "<group>"; };
		7978A28E257B259F00650E9A /* Base */ = {isa = PBXFileReference; lastKnownFileType = file.storyboard; name = Base; path = Base.lproj/LaunchScreen.storyboard; sourceTree = "<group>"; };
		7978A290257B259F00650E9A /* Info.plist */ = {isa = PBXFileReference; lastKnownFileType = text.plist.xml; path = Info.plist; sourceTree = "<group>"; };
		7978A29A257B318B00650E9A /* UILabel+Extension.swift */ = {isa = PBXFileReference; lastKnownFileType = sourcecode.swift; path = "UILabel+Extension.swift"; sourceTree = "<group>"; };
		7978A2A2257B321100650E9A /* UIDevice+Extension.swift */ = {isa = PBXFileReference; lastKnownFileType = sourcecode.swift; path = "UIDevice+Extension.swift"; sourceTree = "<group>"; };
		7978A2A7257B331C00650E9A /* CustomFontSizeLabel.swift */ = {isa = PBXFileReference; lastKnownFileType = sourcecode.swift; path = CustomFontSizeLabel.swift; sourceTree = "<group>"; };
		798FB308258176BE00DD4A5D /* PostsModel.swift */ = {isa = PBXFileReference; lastKnownFileType = sourcecode.swift; path = PostsModel.swift; sourceTree = "<group>"; };
		799D84AA257B3BAE0057F6F1 /* UIViewContoller+Extension.swift */ = {isa = PBXFileReference; lastKnownFileType = sourcecode.swift; path = "UIViewContoller+Extension.swift"; sourceTree = "<group>"; };
		799D84AE257B3D250057F6F1 /* LoginViewController.swift */ = {isa = PBXFileReference; lastKnownFileType = sourcecode.swift; path = LoginViewController.swift; sourceTree = "<group>"; };
		79AB88B4257C72470051D0EB /* UITextField+Extension.swift */ = {isa = PBXFileReference; lastKnownFileType = sourcecode.swift; path = "UITextField+Extension.swift"; sourceTree = "<group>"; };
		79AB88B7257C7CA00051D0EB /* SignUpViewController.swift */ = {isa = PBXFileReference; lastKnownFileType = sourcecode.swift; path = SignUpViewController.swift; sourceTree = "<group>"; };
		79CDB4E425847449005C355B /* WhoLovePostViewController.swift */ = {isa = PBXFileReference; lastKnownFileType = sourcecode.swift; path = WhoLovePostViewController.swift; sourceTree = "<group>"; };
		79CDB4E725847EA2005C355B /* WhoLovePostModel.swift */ = {isa = PBXFileReference; lastKnownFileType = sourcecode.swift; path = WhoLovePostModel.swift; sourceTree = "<group>"; };
		79CDB4EC25848425005C355B /* WhoLovePostTableViewCell.swift */ = {isa = PBXFileReference; lastKnownFileType = sourcecode.swift; path = WhoLovePostTableViewCell.swift; sourceTree = "<group>"; };
		79CDB4ED25848425005C355B /* WhoLovePostTableViewCell.xib */ = {isa = PBXFileReference; lastKnownFileType = file.xib; path = WhoLovePostTableViewCell.xib; sourceTree = "<group>"; };
		79CDB4F225848EBF005C355B /* UserModel.swift */ = {isa = PBXFileReference; lastKnownFileType = sourcecode.swift; path = UserModel.swift; sourceTree = "<group>"; };
		79D57BE2257DB3B0003EA0F6 /* AddPostViewController.swift */ = {isa = PBXFileReference; lastKnownFileType = sourcecode.swift; path = AddPostViewController.swift; sourceTree = "<group>"; };
		79D57BE5257DB861003EA0F6 /* CustomUIView.swift */ = {isa = PBXFileReference; lastKnownFileType = sourcecode.swift; path = CustomUIView.swift; sourceTree = "<group>"; };
		79D57BE9257DC205003EA0F6 /* HomeViewController.swift */ = {isa = PBXFileReference; lastKnownFileType = sourcecode.swift; path = HomeViewController.swift; sourceTree = "<group>"; };
		79D57BF0257DC344003EA0F6 /* HomeTableViewCell.swift */ = {isa = PBXFileReference; lastKnownFileType = sourcecode.swift; path = HomeTableViewCell.swift; sourceTree = "<group>"; };
		79D57BF1257DC344003EA0F6 /* HomeTableViewCell.xib */ = {isa = PBXFileReference; lastKnownFileType = file.xib; path = HomeTableViewCell.xib; sourceTree = "<group>"; };
		79EC380D2580644D00DB02B6 /* GoogleService-Info.plist */ = {isa = PBXFileReference; fileEncoding = 4; lastKnownFileType = text.plist.xml; path = "GoogleService-Info.plist"; sourceTree = "<group>"; };
		B0B234BB4FEA09B87919F668 /* Pods_SocialApp.framework */ = {isa = PBXFileReference; explicitFileType = wrapper.framework; includeInIndex = 0; path = Pods_SocialApp.framework; sourceTree = BUILT_PRODUCTS_DIR; };
		C0C86684A94B10E5611300C0 /* Pods-SocialApp.release.xcconfig */ = {isa = PBXFileReference; includeInIndex = 1; lastKnownFileType = text.xcconfig; name = "Pods-SocialApp.release.xcconfig"; path = "Target Support Files/Pods-SocialApp/Pods-SocialApp.release.xcconfig"; sourceTree = "<group>"; };
/* End PBXFileReference section */

/* Begin PBXFrameworksBuildPhase section */
		7978A27C257B257900650E9A /* Frameworks */ = {
			isa = PBXFrameworksBuildPhase;
			buildActionMask = 2147483647;
			files = (
				081268388769942B8DCBB0FD /* Pods_SocialApp.framework in Frameworks */,
			);
			runOnlyForDeploymentPostprocessing = 0;
		};
/* End PBXFrameworksBuildPhase section */

/* Begin PBXGroup section */
		6AE2FABD50668A16DA195CEA /* Pods */ = {
			isa = PBXGroup;
			children = (
				435E1E3AE808507ABA203E33 /* Pods-SocialApp.debug.xcconfig */,
				C0C86684A94B10E5611300C0 /* Pods-SocialApp.release.xcconfig */,
			);
			path = Pods;
			sourceTree = "<group>";
		};
		791C6608257F22F100695501 /* Menu */ = {
			isa = PBXGroup;
			children = (
				791C6622257F334E00695501 /* cell */,
				791C6614257F23D800695501 /* MenuViewController.swift */,
				791C661A257F243900695501 /* Menu.storyboard */,
			);
			path = Menu;
			sourceTree = "<group>";
		};
		791C6622257F334E00695501 /* cell */ = {
			isa = PBXGroup;
			children = (
				791C661E257F2B1000695501 /* MenuTableViewCell.xib */,
				791C661D257F2B1000695501 /* MenuTableViewCell.swift */,
			);
			path = cell;
			sourceTree = "<group>";
		};
		7978A276257B257900650E9A = {
			isa = PBXGroup;
			children = (
				7978A281257B257900650E9A /* SocialApp */,
				7978A280257B257900650E9A /* Products */,
				6AE2FABD50668A16DA195CEA /* Pods */,
				9C064350A64D5A3C16D6BBCE /* Frameworks */,
			);
			sourceTree = "<group>";
		};
		7978A280257B257900650E9A /* Products */ = {
			isa = PBXGroup;
			children = (
				7978A27F257B257900650E9A /* SocialApp.app */,
			);
			name = Products;
			sourceTree = "<group>";
		};
		7978A281257B257900650E9A /* SocialApp */ = {
			isa = PBXGroup;
			children = (
				798FB3072581769800DD4A5D /* Model */,
				7978A2AB257B371300650E9A /* Delegate */,
				7978A298257B314F00650E9A /* Controllers */,
				7978A2AF257B373C00650E9A /* Storyboard */,
				7978A2A6257B32FE00650E9A /* CustomUI */,
				7978A299257B316500650E9A /* Extension */,
				7978A2B0257B375500650E9A /* Resources */,
				79EC380D2580644D00DB02B6 /* GoogleService-Info.plist */,
			);
			path = SocialApp;
			sourceTree = "<group>";
		};
		7978A298257B314F00650E9A /* Controllers */ = {
			isa = PBXGroup;
			children = (
				7978A286257B257900650E9A /* AuthViewController.swift */,
				799D84AE257B3D250057F6F1 /* LoginViewController.swift */,
				79AB88B7257C7CA00051D0EB /* SignUpViewController.swift */,
				79D57BE2257DB3B0003EA0F6 /* AddPostViewController.swift */,
				79D57BE9257DC205003EA0F6 /* HomeViewController.swift */,
				79CDB4E425847449005C355B /* WhoLovePostViewController.swift */,
			);
			path = Controllers;
			sourceTree = "<group>";
		};
		7978A299257B316500650E9A /* Extension */ = {
			isa = PBXGroup;
			children = (
				7978A29A257B318B00650E9A /* UILabel+Extension.swift */,
				7978A2A2257B321100650E9A /* UIDevice+Extension.swift */,
				799D84AA257B3BAE0057F6F1 /* UIViewContoller+Extension.swift */,
				79AB88B4257C72470051D0EB /* UITextField+Extension.swift */,
			);
			path = Extension;
			sourceTree = "<group>";
		};
		7978A2A6257B32FE00650E9A /* CustomUI */ = {
			isa = PBXGroup;
			children = (
				7978A2A7257B331C00650E9A /* CustomFontSizeLabel.swift */,
				79D57BE5257DB861003EA0F6 /* CustomUIView.swift */,
			);
			path = CustomUI;
			sourceTree = "<group>";
		};
		7978A2AB257B371300650E9A /* Delegate */ = {
			isa = PBXGroup;
			children = (
				7978A282257B257900650E9A /* AppDelegate.swift */,
				7978A284257B257900650E9A /* SceneDelegate.swift */,
			);
			path = Delegate;
			sourceTree = "<group>";
		};
		7978A2AF257B373C00650E9A /* Storyboard */ = {
			isa = PBXGroup;
			children = (
				79CDB4EB258483FC005C355B /* WhoLovePost */,
				791C6608257F22F100695501 /* Menu */,
				79D57BEF257DC32E003EA0F6 /* HomeCell */,
				7978A288257B257900650E9A /* Main.storyboard */,
				7978A28D257B259F00650E9A /* LaunchScreen.storyboard */,
			);
			path = Storyboard;
			sourceTree = "<group>";
		};
		7978A2B0257B375500650E9A /* Resources */ = {
			isa = PBXGroup;
			children = (
				7978A290257B259F00650E9A /* Info.plist */,
				7978A28B257B259F00650E9A /* Assets.xcassets */,
			);
			path = Resources;
			sourceTree = "<group>";
		};
		798FB3072581769800DD4A5D /* Model */ = {
			isa = PBXGroup;
			children = (
				798FB308258176BE00DD4A5D /* PostsModel.swift */,
				79CDB4E725847EA2005C355B /* WhoLovePostModel.swift */,
				79CDB4F225848EBF005C355B /* UserModel.swift */,
			);
			path = Model;
			sourceTree = "<group>";
		};
		79CDB4EB258483FC005C355B /* WhoLovePost */ = {
			isa = PBXGroup;
			children = (
				79CDB4EC25848425005C355B /* WhoLovePostTableViewCell.swift */,
				79CDB4ED25848425005C355B /* WhoLovePostTableViewCell.xib */,
			);
			path = WhoLovePost;
			sourceTree = "<group>";
		};
		79D57BEF257DC32E003EA0F6 /* HomeCell */ = {
			isa = PBXGroup;
			children = (
				79D57BF0257DC344003EA0F6 /* HomeTableViewCell.swift */,
				79D57BF1257DC344003EA0F6 /* HomeTableViewCell.xib */,
			);
			path = HomeCell;
			sourceTree = "<group>";
		};
		9C064350A64D5A3C16D6BBCE /* Frameworks */ = {
			isa = PBXGroup;
			children = (
				B0B234BB4FEA09B87919F668 /* Pods_SocialApp.framework */,
			);
			name = Frameworks;
			sourceTree = "<group>";
		};
/* End PBXGroup section */

/* Begin PBXNativeTarget section */
		7978A27E257B257900650E9A /* SocialApp */ = {
			isa = PBXNativeTarget;
			buildConfigurationList = 7978A293257B259F00650E9A /* Build configuration list for PBXNativeTarget "SocialApp" */;
			buildPhases = (
				F1A268156BFFA84B9CE82C2D /* [CP] Check Pods Manifest.lock */,
				7978A27B257B257900650E9A /* Sources */,
				7978A27C257B257900650E9A /* Frameworks */,
				7978A27D257B257900650E9A /* Resources */,
				94EEAC6C3C06B165EEA660B5 /* [CP] Embed Pods Frameworks */,
				7C8639E0E0F073E931D3541A /* [CP] Copy Pods Resources */,
			);
			buildRules = (
			);
			dependencies = (
			);
			name = SocialApp;
			productName = SocialApp;
			productReference = 7978A27F257B257900650E9A /* SocialApp.app */;
			productType = "com.apple.product-type.application";
		};
/* End PBXNativeTarget section */

/* Begin PBXProject section */
		7978A277257B257900650E9A /* Project object */ = {
			isa = PBXProject;
			attributes = {
				LastSwiftUpdateCheck = 1220;
				LastUpgradeCheck = 1220;
				TargetAttributes = {
					7978A27E257B257900650E9A = {
						CreatedOnToolsVersion = 12.2;
					};
				};
			};
			buildConfigurationList = 7978A27A257B257900650E9A /* Build configuration list for PBXProject "SocialApp" */;
			compatibilityVersion = "Xcode 9.3";
			developmentRegion = en;
			hasScannedForEncodings = 0;
			knownRegions = (
				en,
				Base,
			);
			mainGroup = 7978A276257B257900650E9A;
			productRefGroup = 7978A280257B257900650E9A /* Products */;
			projectDirPath = "";
			projectRoot = "";
			targets = (
				7978A27E257B257900650E9A /* SocialApp */,
			);
		};
/* End PBXProject section */

/* Begin PBXResourcesBuildPhase section */
		7978A27D257B257900650E9A /* Resources */ = {
			isa = PBXResourcesBuildPhase;
			buildActionMask = 2147483647;
			files = (
				791C6620257F2B1000695501 /* MenuTableViewCell.xib in Resources */,
				791C661B257F243900695501 /* Menu.storyboard in Resources */,
				79CDB4EF25848425005C355B /* WhoLovePostTableViewCell.xib in Resources */,
				7978A28F257B259F00650E9A /* LaunchScreen.storyboard in Resources */,
				7978A28C257B259F00650E9A /* Assets.xcassets in Resources */,
				79D57BF3257DC344003EA0F6 /* HomeTableViewCell.xib in Resources */,
				7978A28A257B257900650E9A /* Main.storyboard in Resources */,
				79EC380E2580644E00DB02B6 /* GoogleService-Info.plist in Resources */,
			);
			runOnlyForDeploymentPostprocessing = 0;
		};
/* End PBXResourcesBuildPhase section */

/* Begin PBXShellScriptBuildPhase section */
		7C8639E0E0F073E931D3541A /* [CP] Copy Pods Resources */ = {
			isa = PBXShellScriptBuildPhase;
			buildActionMask = 2147483647;
			files = (
			);
			inputFileListPaths = (
				"${PODS_ROOT}/Target Support Files/Pods-SocialApp/Pods-SocialApp-resources-${CONFIGURATION}-input-files.xcfilelist",
			);
			name = "[CP] Copy Pods Resources";
			outputFileListPaths = (
				"${PODS_ROOT}/Target Support Files/Pods-SocialApp/Pods-SocialApp-resources-${CONFIGURATION}-output-files.xcfilelist",
			);
			runOnlyForDeploymentPostprocessing = 0;
			shellPath = /bin/sh;
			shellScript = "\"${PODS_ROOT}/Target Support Files/Pods-SocialApp/Pods-SocialApp-resources.sh\"\n";
			showEnvVarsInLog = 0;
		};
		94EEAC6C3C06B165EEA660B5 /* [CP] Embed Pods Frameworks */ = {
			isa = PBXShellScriptBuildPhase;
			buildActionMask = 2147483647;
			files = (
			);
			inputFileListPaths = (
				"${PODS_ROOT}/Target Support Files/Pods-SocialApp/Pods-SocialApp-frameworks-${CONFIGURATION}-input-files.xcfilelist",
			);
			name = "[CP] Embed Pods Frameworks";
			outputFileListPaths = (
				"${PODS_ROOT}/Target Support Files/Pods-SocialApp/Pods-SocialApp-frameworks-${CONFIGURATION}-output-files.xcfilelist",
			);
			runOnlyForDeploymentPostprocessing = 0;
			shellPath = /bin/sh;
			shellScript = "\"${PODS_ROOT}/Target Support Files/Pods-SocialApp/Pods-SocialApp-frameworks.sh\"\n";
			showEnvVarsInLog = 0;
		};
		F1A268156BFFA84B9CE82C2D /* [CP] Check Pods Manifest.lock */ = {
			isa = PBXShellScriptBuildPhase;
			buildActionMask = 2147483647;
			files = (
			);
			inputFileListPaths = (
			);
			inputPaths = (
				"${PODS_PODFILE_DIR_PATH}/Podfile.lock",
				"${PODS_ROOT}/Manifest.lock",
			);
			name = "[CP] Check Pods Manifest.lock";
			outputFileListPaths = (
			);
			outputPaths = (
				"$(DERIVED_FILE_DIR)/Pods-SocialApp-checkManifestLockResult.txt",
			);
			runOnlyForDeploymentPostprocessing = 0;
			shellPath = /bin/sh;
			shellScript = "diff \"${PODS_PODFILE_DIR_PATH}/Podfile.lock\" \"${PODS_ROOT}/Manifest.lock\" > /dev/null\nif [ $? != 0 ] ; then\n    # print error to STDERR\n    echo \"error: The sandbox is not in sync with the Podfile.lock. Run 'pod install' or update your CocoaPods installation.\" >&2\n    exit 1\nfi\n# This output is used by Xcode 'outputs' to avoid re-running this script phase.\necho \"SUCCESS\" > \"${SCRIPT_OUTPUT_FILE_0}\"\n";
			showEnvVarsInLog = 0;
		};
/* End PBXShellScriptBuildPhase section */

/* Begin PBXSourcesBuildPhase section */
		7978A27B257B257900650E9A /* Sources */ = {
			isa = PBXSourcesBuildPhase;
			buildActionMask = 2147483647;
			files = (
				79AB88B5257C72470051D0EB /* UITextField+Extension.swift in Sources */,
				79CDB4F325848EBF005C355B /* UserModel.swift in Sources */,
				791C6616257F23D800695501 /* MenuViewController.swift in Sources */,
				79D57BE6257DB861003EA0F6 /* CustomUIView.swift in Sources */,
				79D57BF2257DC344003EA0F6 /* HomeTableViewCell.swift in Sources */,
				7978A287257B257900650E9A /* AuthViewController.swift in Sources */,
				7978A29B257B318B00650E9A /* UILabel+Extension.swift in Sources */,
				798FB309258176BE00DD4A5D /* PostsModel.swift in Sources */,
				7978A283257B257900650E9A /* AppDelegate.swift in Sources */,
				79AB88B8257C7CA00051D0EB /* SignUpViewController.swift in Sources */,
				79CDB4E525847449005C355B /* WhoLovePostViewController.swift in Sources */,
				799D84AB257B3BAE0057F6F1 /* UIViewContoller+Extension.swift in Sources */,
				799D84AF257B3D250057F6F1 /* LoginViewController.swift in Sources */,
				791C661F257F2B1000695501 /* MenuTableViewCell.swift in Sources */,
				79CDB4E825847EA2005C355B /* WhoLovePostModel.swift in Sources */,
				7978A2A3257B321100650E9A /* UIDevice+Extension.swift in Sources */,
				7978A285257B257900650E9A /* SceneDelegate.swift in Sources */,
				79D57BE3257DB3B0003EA0F6 /* AddPostViewController.swift in Sources */,
				79D57BEA257DC205003EA0F6 /* HomeViewController.swift in Sources */,
				79CDB4EE25848425005C355B /* WhoLovePostTableViewCell.swift in Sources */,
				7978A2A8257B331C00650E9A /* CustomFontSizeLabel.swift in Sources */,
			);
			runOnlyForDeploymentPostprocessing = 0;
		};
/* End PBXSourcesBuildPhase section */

/* Begin PBXVariantGroup section */
		7978A288257B257900650E9A /* Main.storyboard */ = {
			isa = PBXVariantGroup;
			children = (
				7978A289257B257900650E9A /* Base */,
			);
			name = Main.storyboard;
			sourceTree = "<group>";
		};
		7978A28D257B259F00650E9A /* LaunchScreen.storyboard */ = {
			isa = PBXVariantGroup;
			children = (
				7978A28E257B259F00650E9A /* Base */,
			);
			name = LaunchScreen.storyboard;
			sourceTree = "<group>";
		};
/* End PBXVariantGroup section */

/* Begin XCBuildConfiguration section */
		7978A291257B259F00650E9A /* Debug */ = {
			isa = XCBuildConfiguration;
			buildSettings = {
				ALWAYS_SEARCH_USER_PATHS = NO;
				CLANG_ANALYZER_NONNULL = YES;
				CLANG_ANALYZER_NUMBER_OBJECT_CONVERSION = YES_AGGRESSIVE;
				CLANG_CXX_LANGUAGE_STANDARD = "gnu++14";
				CLANG_CXX_LIBRARY = "libc++";
				CLANG_ENABLE_MODULES = YES;
				CLANG_ENABLE_OBJC_ARC = YES;
				CLANG_ENABLE_OBJC_WEAK = YES;
				CLANG_WARN_BLOCK_CAPTURE_AUTORELEASING = YES;
				CLANG_WARN_BOOL_CONVERSION = YES;
				CLANG_WARN_COMMA = YES;
				CLANG_WARN_CONSTANT_CONVERSION = YES;
				CLANG_WARN_DEPRECATED_OBJC_IMPLEMENTATIONS = YES;
				CLANG_WARN_DIRECT_OBJC_ISA_USAGE = YES_ERROR;
				CLANG_WARN_DOCUMENTATION_COMMENTS = YES;
				CLANG_WARN_EMPTY_BODY = YES;
				CLANG_WARN_ENUM_CONVERSION = YES;
				CLANG_WARN_INFINITE_RECURSION = YES;
				CLANG_WARN_INT_CONVERSION = YES;
				CLANG_WARN_NON_LITERAL_NULL_CONVERSION = YES;
				CLANG_WARN_OBJC_IMPLICIT_RETAIN_SELF = YES;
				CLANG_WARN_OBJC_LITERAL_CONVERSION = YES;
				CLANG_WARN_OBJC_ROOT_CLASS = YES_ERROR;
				CLANG_WARN_QUOTED_INCLUDE_IN_FRAMEWORK_HEADER = YES;
				CLANG_WARN_RANGE_LOOP_ANALYSIS = YES;
				CLANG_WARN_STRICT_PROTOTYPES = YES;
				CLANG_WARN_SUSPICIOUS_MOVE = YES;
				CLANG_WARN_UNGUARDED_AVAILABILITY = YES_AGGRESSIVE;
				CLANG_WARN_UNREACHABLE_CODE = YES;
				CLANG_WARN__DUPLICATE_METHOD_MATCH = YES;
				COPY_PHASE_STRIP = NO;
				DEBUG_INFORMATION_FORMAT = dwarf;
				ENABLE_STRICT_OBJC_MSGSEND = YES;
				ENABLE_TESTABILITY = YES;
				GCC_C_LANGUAGE_STANDARD = gnu11;
				GCC_DYNAMIC_NO_PIC = NO;
				GCC_NO_COMMON_BLOCKS = YES;
				GCC_OPTIMIZATION_LEVEL = 0;
				GCC_PREPROCESSOR_DEFINITIONS = (
					"DEBUG=1",
					"$(inherited)",
				);
				GCC_WARN_64_TO_32_BIT_CONVERSION = YES;
				GCC_WARN_ABOUT_RETURN_TYPE = YES_ERROR;
				GCC_WARN_UNDECLARED_SELECTOR = YES;
				GCC_WARN_UNINITIALIZED_AUTOS = YES_AGGRESSIVE;
				GCC_WARN_UNUSED_FUNCTION = YES;
				GCC_WARN_UNUSED_VARIABLE = YES;
				IPHONEOS_DEPLOYMENT_TARGET = 14.2;
				MTL_ENABLE_DEBUG_INFO = INCLUDE_SOURCE;
				MTL_FAST_MATH = YES;
				ONLY_ACTIVE_ARCH = YES;
				SDKROOT = iphoneos;
				SWIFT_ACTIVE_COMPILATION_CONDITIONS = DEBUG;
				SWIFT_OPTIMIZATION_LEVEL = "-Onone";
			};
			name = Debug;
		};
		7978A292257B259F00650E9A /* Release */ = {
			isa = XCBuildConfiguration;
			buildSettings = {
				ALWAYS_SEARCH_USER_PATHS = NO;
				CLANG_ANALYZER_NONNULL = YES;
				CLANG_ANALYZER_NUMBER_OBJECT_CONVERSION = YES_AGGRESSIVE;
				CLANG_CXX_LANGUAGE_STANDARD = "gnu++14";
				CLANG_CXX_LIBRARY = "libc++";
				CLANG_ENABLE_MODULES = YES;
				CLANG_ENABLE_OBJC_ARC = YES;
				CLANG_ENABLE_OBJC_WEAK = YES;
				CLANG_WARN_BLOCK_CAPTURE_AUTORELEASING = YES;
				CLANG_WARN_BOOL_CONVERSION = YES;
				CLANG_WARN_COMMA = YES;
				CLANG_WARN_CONSTANT_CONVERSION = YES;
				CLANG_WARN_DEPRECATED_OBJC_IMPLEMENTATIONS = YES;
				CLANG_WARN_DIRECT_OBJC_ISA_USAGE = YES_ERROR;
				CLANG_WARN_DOCUMENTATION_COMMENTS = YES;
				CLANG_WARN_EMPTY_BODY = YES;
				CLANG_WARN_ENUM_CONVERSION = YES;
				CLANG_WARN_INFINITE_RECURSION = YES;
				CLANG_WARN_INT_CONVERSION = YES;
				CLANG_WARN_NON_LITERAL_NULL_CONVERSION = YES;
				CLANG_WARN_OBJC_IMPLICIT_RETAIN_SELF = YES;
				CLANG_WARN_OBJC_LITERAL_CONVERSION = YES;
				CLANG_WARN_OBJC_ROOT_CLASS = YES_ERROR;
				CLANG_WARN_QUOTED_INCLUDE_IN_FRAMEWORK_HEADER = YES;
				CLANG_WARN_RANGE_LOOP_ANALYSIS = YES;
				CLANG_WARN_STRICT_PROTOTYPES = YES;
				CLANG_WARN_SUSPICIOUS_MOVE = YES;
				CLANG_WARN_UNGUARDED_AVAILABILITY = YES_AGGRESSIVE;
				CLANG_WARN_UNREACHABLE_CODE = YES;
				CLANG_WARN__DUPLICATE_METHOD_MATCH = YES;
				COPY_PHASE_STRIP = NO;
				DEBUG_INFORMATION_FORMAT = "dwarf-with-dsym";
				ENABLE_NS_ASSERTIONS = NO;
				ENABLE_STRICT_OBJC_MSGSEND = YES;
				GCC_C_LANGUAGE_STANDARD = gnu11;
				GCC_NO_COMMON_BLOCKS = YES;
				GCC_WARN_64_TO_32_BIT_CONVERSION = YES;
				GCC_WARN_ABOUT_RETURN_TYPE = YES_ERROR;
				GCC_WARN_UNDECLARED_SELECTOR = YES;
				GCC_WARN_UNINITIALIZED_AUTOS = YES_AGGRESSIVE;
				GCC_WARN_UNUSED_FUNCTION = YES;
				GCC_WARN_UNUSED_VARIABLE = YES;
				IPHONEOS_DEPLOYMENT_TARGET = 14.2;
				MTL_ENABLE_DEBUG_INFO = NO;
				MTL_FAST_MATH = YES;
				SDKROOT = iphoneos;
				SWIFT_COMPILATION_MODE = wholemodule;
				SWIFT_OPTIMIZATION_LEVEL = "-O";
				VALIDATE_PRODUCT = YES;
			};
			name = Release;
		};
		7978A294257B259F00650E9A /* Debug */ = {
			isa = XCBuildConfiguration;
			baseConfigurationReference = 435E1E3AE808507ABA203E33 /* Pods-SocialApp.debug.xcconfig */;
			buildSettings = {
				ASSETCATALOG_COMPILER_APPICON_NAME = AppIcon;
				ASSETCATALOG_COMPILER_GLOBAL_ACCENT_COLOR_NAME = AccentColor;
				CODE_SIGN_STYLE = Automatic;
				DEVELOPMENT_TEAM = L5Y442FJFB;
				INFOPLIST_FILE = "$(SRCROOT)/SocialApp/Resources/Info.plist";
				LD_RUNPATH_SEARCH_PATHS = (
					"$(inherited)",
					"@executable_path/Frameworks",
				);
				PRODUCT_BUNDLE_IDENTIFIER = com.ans96283.SocialApp;
				PRODUCT_NAME = "$(TARGET_NAME)";
				SWIFT_VERSION = 5.0;
				TARGETED_DEVICE_FAMILY = "1,2";
			};
			name = Debug;
		};
		7978A295257B259F00650E9A /* Release */ = {
			isa = XCBuildConfiguration;
			baseConfigurationReference = C0C86684A94B10E5611300C0 /* Pods-SocialApp.release.xcconfig */;
			buildSettings = {
				ASSETCATALOG_COMPILER_APPICON_NAME = AppIcon;
				ASSETCATALOG_COMPILER_GLOBAL_ACCENT_COLOR_NAME = AccentColor;
				CODE_SIGN_STYLE = Automatic;
				DEVELOPMENT_TEAM = L5Y442FJFB;
				INFOPLIST_FILE = "$(SRCROOT)/SocialApp/Resources/Info.plist";
				LD_RUNPATH_SEARCH_PATHS = (
					"$(inherited)",
					"@executable_path/Frameworks",
				);
				PRODUCT_BUNDLE_IDENTIFIER = com.ans96283.SocialApp;
				PRODUCT_NAME = "$(TARGET_NAME)";
				SWIFT_VERSION = 5.0;
				TARGETED_DEVICE_FAMILY = "1,2";
			};
			name = Release;
		};
/* End XCBuildConfiguration section */

/* Begin XCConfigurationList section */
		7978A27A257B257900650E9A /* Build configuration list for PBXProject "SocialApp" */ = {
			isa = XCConfigurationList;
			buildConfigurations = (
				7978A291257B259F00650E9A /* Debug */,
				7978A292257B259F00650E9A /* Release */,
			);
			defaultConfigurationIsVisible = 0;
			defaultConfigurationName = Release;
		};
		7978A293257B259F00650E9A /* Build configuration list for PBXNativeTarget "SocialApp" */ = {
			isa = XCConfigurationList;
			buildConfigurations = (
				7978A294257B259F00650E9A /* Debug */,
				7978A295257B259F00650E9A /* Release */,
			);
			defaultConfigurationIsVisible = 0;
			defaultConfigurationName = Release;
		};
/* End XCConfigurationList section */
	};
	rootObject = 7978A277257B257900650E9A /* Project object */;
}
